
Microsoft Visual Studio Solution File, Format Version 12.00
# Visual Studio 14
VisualStudioVersion = 14.0.25420.1
MinimumVisualStudioVersion = 10.0.40219.1
Project("{FAE04EC0-301F-11D3-BF4B-00C04F79EFBC}") = "WeHeMo.Business", "WeHeMo.Business\WeHeMo.Business.csproj", "{227BE21A-A54F-4333-9EC9-531658CDBACB}"
EndProject
Project("{FAE04EC0-301F-11D3-BF4B-00C04F79EFBC}") = "WeHeMo.Tester", "WeHeMo.Tester\WeHeMo.Tester.csproj", "{2D403D36-3559-477B-86E5-75D54F091CE6}"
EndProject
Project("{FAE04EC0-301F-11D3-BF4B-00C04F79EFBC}") = "WeHeMo.Service.Contract", "WeHeMo.Service.Contract\WeHeMo.Service.Contract.csproj", "{9B564F02-E128-4A5A-8979-1D99CF6CCD41}"
EndProject
Project("{FAE04EC0-301F-11D3-BF4B-00C04F79EFBC}") = "WeHeMo.DTO", "WeHeMo.DTO\WeHeMo.DTO.csproj", "{B066C341-9C32-4527-ADA8-A5191139D9A3}"
EndProject
Project("{FAE04EC0-301F-11D3-BF4B-00C04F79EFBC}") = "WeHeMo.Service.WCF", "WeHeMo.Service.WCF\WeHeMo.Service.WCF.csproj", "{AA81900B-0E53-4818-B632-B25D287D4644}"
EndProject
Project("{FAE04EC0-301F-11D3-BF4B-00C04F79EFBC}") = "WeHeMo.Web.UI", "WeHeMo.Web.UI\WeHeMo.Web.UI.csproj", "{E257D23A-E786-487E-9BC9-AFAE7D28778C}"
EndProject
Project("{FAE04EC0-301F-11D3-BF4B-00C04F79EFBC}") = "StatusCodeSave", "StatusCodeSave\StatusCodeSave.csproj", "{33697147-FAF5-4628-A670-D59AC44A588A}"
EndProject
Project("{FAE04EC0-301F-11D3-BF4B-00C04F79EFBC}") = "WeHeMo.Windows.Service", "WeHeMo.Windows.Service\WeHeMo.Windows.Service.csproj", "{1B339288-AE7A-4EAB-BDE6-CBF44B4634DB}"
EndProject
Project("{FAE04EC0-301F-11D3-BF4B-00C04F79EFBC}") = "WeHeMo.Consolo.Host", "WeHeMo.Consolo.Host\WeHeMo.Consolo.Host.csproj", "{CC5AEA1C-CA2A-4A3B-BB00-AB2A20074837}"
EndProject
Project("{262852C6-CD72-467D-83FE-5EEB1973A190}") = "WeHeMo.Mobile", "WeHeMo.Mobile\WeHeMo.Mobile.jsproj", "{AF8C0C3C-7CA6-4187-A115-4BC7D30CEEAC}"
EndProject
Project("{FAE04EC0-301F-11D3-BF4B-00C04F79EFBC}") = "WebApplication1", "WebApplication1\WebApplication1.csproj", "{C7961CAE-B69F-477B-B992-037B22C5223F}"
EndProject
Global
	GlobalSection(SolutionConfigurationPlatforms) = preSolution
		Debug|Android = Debug|Android
		Debug|Any CPU = Debug|Any CPU
		Debug|iOS = Debug|iOS
		Debug|Windows Phone (Universal) = Debug|Windows Phone (Universal)
		Debug|Windows Phone 8 = Debug|Windows Phone 8
		Debug|Windows-AnyCPU = Debug|Windows-AnyCPU
		Debug|Windows-ARM = Debug|Windows-ARM
		Debug|Windows-x64 = Debug|Windows-x64
		Debug|Windows-x86 = Debug|Windows-x86
		Release|Android = Release|Android
		Release|Any CPU = Release|Any CPU
		Release|iOS = Release|iOS
		Release|Windows Phone (Universal) = Release|Windows Phone (Universal)
		Release|Windows Phone 8 = Release|Windows Phone 8
		Release|Windows-AnyCPU = Release|Windows-AnyCPU
		Release|Windows-ARM = Release|Windows-ARM
		Release|Windows-x64 = Release|Windows-x64
		Release|Windows-x86 = Release|Windows-x86
	EndGlobalSection
	GlobalSection(ProjectConfigurationPlatforms) = postSolution
		{227BE21A-A54F-4333-9EC9-531658CDBACB}.Debug|Android.ActiveCfg = Debug|Any CPU
		{227BE21A-A54F-4333-9EC9-531658CDBACB}.Debug|Android.Build.0 = Debug|Any CPU
		{227BE21A-A54F-4333-9EC9-531658CDBACB}.Debug|Any CPU.ActiveCfg = Debug|Any CPU
		{227BE21A-A54F-4333-9EC9-531658CDBACB}.Debug|Any CPU.Build.0 = Debug|Any CPU
		{227BE21A-A54F-4333-9EC9-531658CDBACB}.Debug|iOS.ActiveCfg = Debug|Any CPU
		{227BE21A-A54F-4333-9EC9-531658CDBACB}.Debug|iOS.Build.0 = Debug|Any CPU
		{227BE21A-A54F-4333-9EC9-531658CDBACB}.Debug|Windows Phone (Universal).ActiveCfg = Debug|Any CPU
		{227BE21A-A54F-4333-9EC9-531658CDBACB}.Debug|Windows Phone (Universal).Build.0 = Debug|Any CPU
		{227BE21A-A54F-4333-9EC9-531658CDBACB}.Debug|Windows Phone 8.ActiveCfg = Debug|Any CPU
		{227BE21A-A54F-4333-9EC9-531658CDBACB}.Debug|Windows Phone 8.Build.0 = Debug|Any CPU
		{227BE21A-A54F-4333-9EC9-531658CDBACB}.Debug|Windows-AnyCPU.ActiveCfg = Debug|Any CPU
		{227BE21A-A54F-4333-9EC9-531658CDBACB}.Debug|Windows-AnyCPU.Build.0 = Debug|Any CPU
		{227BE21A-A54F-4333-9EC9-531658CDBACB}.Debug|Windows-ARM.ActiveCfg = Debug|Any CPU
		{227BE21A-A54F-4333-9EC9-531658CDBACB}.Debug|Windows-ARM.Build.0 = Debug|Any CPU
		{227BE21A-A54F-4333-9EC9-531658CDBACB}.Debug|Windows-x64.ActiveCfg = Debug|Any CPU
		{227BE21A-A54F-4333-9EC9-531658CDBACB}.Debug|Windows-x64.Build.0 = Debug|Any CPU
		{227BE21A-A54F-4333-9EC9-531658CDBACB}.Debug|Windows-x86.ActiveCfg = Debug|Any CPU
		{227BE21A-A54F-4333-9EC9-531658CDBACB}.Debug|Windows-x86.Build.0 = Debug|Any CPU
		{227BE21A-A54F-4333-9EC9-531658CDBACB}.Release|Android.ActiveCfg = Release|Any CPU
		{227BE21A-A54F-4333-9EC9-531658CDBACB}.Release|Android.Build.0 = Release|Any CPU
		{227BE21A-A54F-4333-9EC9-531658CDBACB}.Release|Any CPU.ActiveCfg = Release|Any CPU
		{227BE21A-A54F-4333-9EC9-531658CDBACB}.Release|Any CPU.Build.0 = Release|Any CPU
		{227BE21A-A54F-4333-9EC9-531658CDBACB}.Release|iOS.ActiveCfg = Release|Any CPU
		{227BE21A-A54F-4333-9EC9-531658CDBACB}.Release|iOS.Build.0 = Release|Any CPU
		{227BE21A-A54F-4333-9EC9-531658CDBACB}.Release|Windows Phone (Universal).ActiveCfg = Release|Any CPU
		{227BE21A-A54F-4333-9EC9-531658CDBACB}.Release|Windows Phone (Universal).Build.0 = Release|Any CPU
		{227BE21A-A54F-4333-9EC9-531658CDBACB}.Release|Windows Phone 8.ActiveCfg = Release|Any CPU
		{227BE21A-A54F-4333-9EC9-531658CDBACB}.Release|Windows Phone 8.Build.0 = Release|Any CPU
		{227BE21A-A54F-4333-9EC9-531658CDBACB}.Release|Windows-AnyCPU.ActiveCfg = Release|Any CPU
		{227BE21A-A54F-4333-9EC9-531658CDBACB}.Release|Windows-AnyCPU.Build.0 = Release|Any CPU
		{227BE21A-A54F-4333-9EC9-531658CDBACB}.Release|Windows-ARM.ActiveCfg = Release|Any CPU
		{227BE21A-A54F-4333-9EC9-531658CDBACB}.Release|Windows-ARM.Build.0 = Release|Any CPU
		{227BE21A-A54F-4333-9EC9-531658CDBACB}.Release|Windows-x64.ActiveCfg = Release|Any CPU
		{227BE21A-A54F-4333-9EC9-531658CDBACB}.Release|Windows-x64.Build.0 = Release|Any CPU
		{227BE21A-A54F-4333-9EC9-531658CDBACB}.Release|Windows-x86.ActiveCfg = Release|Any CPU
		{227BE21A-A54F-4333-9EC9-531658CDBACB}.Release|Windows-x86.Build.0 = Release|Any CPU
		{2D403D36-3559-477B-86E5-75D54F091CE6}.Debug|Android.ActiveCfg = Debug|Any CPU
		{2D403D36-3559-477B-86E5-75D54F091CE6}.Debug|Android.Build.0 = Debug|Any CPU
		{2D403D36-3559-477B-86E5-75D54F091CE6}.Debug|Any CPU.ActiveCfg = Debug|Any CPU
		{2D403D36-3559-477B-86E5-75D54F091CE6}.Debug|Any CPU.Build.0 = Debug|Any CPU
		{2D403D36-3559-477B-86E5-75D54F091CE6}.Debug|iOS.ActiveCfg = Debug|Any CPU
		{2D403D36-3559-477B-86E5-75D54F091CE6}.Debug|iOS.Build.0 = Debug|Any CPU
		{2D403D36-3559-477B-86E5-75D54F091CE6}.Debug|Windows Phone (Universal).ActiveCfg = Debug|Any CPU
		{2D403D36-3559-477B-86E5-75D54F091CE6}.Debug|Windows Phone (Universal).Build.0 = Debug|Any CPU
		{2D403D36-3559-477B-86E5-75D54F091CE6}.Debug|Windows Phone 8.ActiveCfg = Debug|Any CPU
		{2D403D36-3559-477B-86E5-75D54F091CE6}.Debug|Windows Phone 8.Build.0 = Debug|Any CPU
		{2D403D36-3559-477B-86E5-75D54F091CE6}.Debug|Windows-AnyCPU.ActiveCfg = Debug|Any CPU
		{2D403D36-3559-477B-86E5-75D54F091CE6}.Debug|Windows-AnyCPU.Build.0 = Debug|Any CPU
		{2D403D36-3559-477B-86E5-75D54F091CE6}.Debug|Windows-ARM.ActiveCfg = Debug|Any CPU
		{2D403D36-3559-477B-86E5-75D54F091CE6}.Debug|Windows-ARM.Build.0 = Debug|Any CPU
		{2D403D36-3559-477B-86E5-75D54F091CE6}.Debug|Windows-x64.ActiveCfg = Debug|Any CPU
		{2D403D36-3559-477B-86E5-75D54F091CE6}.Debug|Windows-x64.Build.0 = Debug|Any CPU
		{2D403D36-3559-477B-86E5-75D54F091CE6}.Debug|Windows-x86.ActiveCfg = Debug|Any CPU
		{2D403D36-3559-477B-86E5-75D54F091CE6}.Debug|Windows-x86.Build.0 = Debug|Any CPU
		{2D403D36-3559-477B-86E5-75D54F091CE6}.Release|Android.ActiveCfg = Release|Any CPU
		{2D403D36-3559-477B-86E5-75D54F091CE6}.Release|Android.Build.0 = Release|Any CPU
		{2D403D36-3559-477B-86E5-75D54F091CE6}.Release|Any CPU.ActiveCfg = Release|Any CPU
		{2D403D36-3559-477B-86E5-75D54F091CE6}.Release|Any CPU.Build.0 = Release|Any CPU
		{2D403D36-3559-477B-86E5-75D54F091CE6}.Release|iOS.ActiveCfg = Release|Any CPU
		{2D403D36-3559-477B-86E5-75D54F091CE6}.Release|iOS.Build.0 = Release|Any CPU
		{2D403D36-3559-477B-86E5-75D54F091CE6}.Release|Windows Phone (Universal).ActiveCfg = Release|Any CPU
		{2D403D36-3559-477B-86E5-75D54F091CE6}.Release|Windows Phone (Universal).Build.0 = Release|Any CPU
		{2D403D36-3559-477B-86E5-75D54F091CE6}.Release|Windows Phone 8.ActiveCfg = Release|Any CPU
		{2D403D36-3559-477B-86E5-75D54F091CE6}.Release|Windows Phone 8.Build.0 = Release|Any CPU
		{2D403D36-3559-477B-86E5-75D54F091CE6}.Release|Windows-AnyCPU.ActiveCfg = Release|Any CPU
		{2D403D36-3559-477B-86E5-75D54F091CE6}.Release|Windows-AnyCPU.Build.0 = Release|Any CPU
		{2D403D36-3559-477B-86E5-75D54F091CE6}.Release|Windows-ARM.ActiveCfg = Release|Any CPU
		{2D403D36-3559-477B-86E5-75D54F091CE6}.Release|Windows-ARM.Build.0 = Release|Any CPU
		{2D403D36-3559-477B-86E5-75D54F091CE6}.Release|Windows-x64.ActiveCfg = Release|Any CPU
		{2D403D36-3559-477B-86E5-75D54F091CE6}.Release|Windows-x64.Build.0 = Release|Any CPU
		{2D403D36-3559-477B-86E5-75D54F091CE6}.Release|Windows-x86.ActiveCfg = Release|Any CPU
		{2D403D36-3559-477B-86E5-75D54F091CE6}.Release|Windows-x86.Build.0 = Release|Any CPU
		{9B564F02-E128-4A5A-8979-1D99CF6CCD41}.Debug|Android.ActiveCfg = Debug|Any CPU
		{9B564F02-E128-4A5A-8979-1D99CF6CCD41}.Debug|Android.Build.0 = Debug|Any CPU
		{9B564F02-E128-4A5A-8979-1D99CF6CCD41}.Debug|Any CPU.ActiveCfg = Debug|Any CPU
		{9B564F02-E128-4A5A-8979-1D99CF6CCD41}.Debug|Any CPU.Build.0 = Debug|Any CPU
		{9B564F02-E128-4A5A-8979-1D99CF6CCD41}.Debug|iOS.ActiveCfg = Debug|Any CPU
		{9B564F02-E128-4A5A-8979-1D99CF6CCD41}.Debug|iOS.Build.0 = Debug|Any CPU
		{9B564F02-E128-4A5A-8979-1D99CF6CCD41}.Debug|Windows Phone (Universal).ActiveCfg = Debug|Any CPU
		{9B564F02-E128-4A5A-8979-1D99CF6CCD41}.Debug|Windows Phone (Universal).Build.0 = Debug|Any CPU
		{9B564F02-E128-4A5A-8979-1D99CF6CCD41}.Debug|Windows Phone 8.ActiveCfg = Debug|Any CPU
		{9B564F02-E128-4A5A-8979-1D99CF6CCD41}.Debug|Windows Phone 8.Build.0 = Debug|Any CPU
		{9B564F02-E128-4A5A-8979-1D99CF6CCD41}.Debug|Windows-AnyCPU.ActiveCfg = Debug|Any CPU
		{9B564F02-E128-4A5A-8979-1D99CF6CCD41}.Debug|Windows-AnyCPU.Build.0 = Debug|Any CPU
		{9B564F02-E128-4A5A-8979-1D99CF6CCD41}.Debug|Windows-ARM.ActiveCfg = Debug|Any CPU
		{9B564F02-E128-4A5A-8979-1D99CF6CCD41}.Debug|Windows-ARM.Build.0 = Debug|Any CPU
		{9B564F02-E128-4A5A-8979-1D99CF6CCD41}.Debug|Windows-x64.ActiveCfg = Debug|Any CPU
		{9B564F02-E128-4A5A-8979-1D99CF6CCD41}.Debug|Windows-x64.Build.0 = Debug|Any CPU
		{9B564F02-E128-4A5A-8979-1D99CF6CCD41}.Debug|Windows-x86.ActiveCfg = Debug|Any CPU
		{9B564F02-E128-4A5A-8979-1D99CF6CCD41}.Debug|Windows-x86.Build.0 = Debug|Any CPU
		{9B564F02-E128-4A5A-8979-1D99CF6CCD41}.Release|Android.ActiveCfg = Release|Any CPU
		{9B564F02-E128-4A5A-8979-1D99CF6CCD41}.Release|Android.Build.0 = Release|Any CPU
		{9B564F02-E128-4A5A-8979-1D99CF6CCD41}.Release|Any CPU.ActiveCfg = Release|Any CPU
		{9B564F02-E128-4A5A-8979-1D99CF6CCD41}.Release|Any CPU.Build.0 = Release|Any CPU
		{9B564F02-E128-4A5A-8979-1D99CF6CCD41}.Release|iOS.ActiveCfg = Release|Any CPU
		{9B564F02-E128-4A5A-8979-1D99CF6CCD41}.Release|iOS.Build.0 = Release|Any CPU
		{9B564F02-E128-4A5A-8979-1D99CF6CCD41}.Release|Windows Phone (Universal).ActiveCfg = Release|Any CPU
		{9B564F02-E128-4A5A-8979-1D99CF6CCD41}.Release|Windows Phone (Universal).Build.0 = Release|Any CPU
		{9B564F02-E128-4A5A-8979-1D99CF6CCD41}.Release|Windows Phone 8.ActiveCfg = Release|Any CPU
		{9B564F02-E128-4A5A-8979-1D99CF6CCD41}.Release|Windows Phone 8.Build.0 = Release|Any CPU
		{9B564F02-E128-4A5A-8979-1D99CF6CCD41}.Release|Windows-AnyCPU.ActiveCfg = Release|Any CPU
		{9B564F02-E128-4A5A-8979-1D99CF6CCD41}.Release|Windows-AnyCPU.Build.0 = Release|Any CPU
		{9B564F02-E128-4A5A-8979-1D99CF6CCD41}.Release|Windows-ARM.ActiveCfg = Release|Any CPU
		{9B564F02-E128-4A5A-8979-1D99CF6CCD41}.Release|Windows-ARM.Build.0 = Release|Any CPU
		{9B564F02-E128-4A5A-8979-1D99CF6CCD41}.Release|Windows-x64.ActiveCfg = Release|Any CPU
		{9B564F02-E128-4A5A-8979-1D99CF6CCD41}.Release|Windows-x64.Build.0 = Release|Any CPU
		{9B564F02-E128-4A5A-8979-1D99CF6CCD41}.Release|Windows-x86.ActiveCfg = Release|Any CPU
		{9B564F02-E128-4A5A-8979-1D99CF6CCD41}.Release|Windows-x86.Build.0 = Release|Any CPU
		{B066C341-9C32-4527-ADA8-A5191139D9A3}.Debug|Android.ActiveCfg = Debug|Any CPU
		{B066C341-9C32-4527-ADA8-A5191139D9A3}.Debug|Android.Build.0 = Debug|Any CPU
		{B066C341-9C32-4527-ADA8-A5191139D9A3}.Debug|Any CPU.ActiveCfg = Debug|Any CPU
		{B066C341-9C32-4527-ADA8-A5191139D9A3}.Debug|Any CPU.Build.0 = Debug|Any CPU
		{B066C341-9C32-4527-ADA8-A5191139D9A3}.Debug|iOS.ActiveCfg = Debug|Any CPU
		{B066C341-9C32-4527-ADA8-A5191139D9A3}.Debug|iOS.Build.0 = Debug|Any CPU
		{B066C341-9C32-4527-ADA8-A5191139D9A3}.Debug|Windows Phone (Universal).ActiveCfg = Debug|Any CPU
		{B066C341-9C32-4527-ADA8-A5191139D9A3}.Debug|Windows Phone (Universal).Build.0 = Debug|Any CPU
		{B066C341-9C32-4527-ADA8-A5191139D9A3}.Debug|Windows Phone 8.ActiveCfg = Debug|Any CPU
		{B066C341-9C32-4527-ADA8-A5191139D9A3}.Debug|Windows Phone 8.Build.0 = Debug|Any CPU
		{B066C341-9C32-4527-ADA8-A5191139D9A3}.Debug|Windows-AnyCPU.ActiveCfg = Debug|Any CPU
		{B066C341-9C32-4527-ADA8-A5191139D9A3}.Debug|Windows-AnyCPU.Build.0 = Debug|Any CPU
		{B066C341-9C32-4527-ADA8-A5191139D9A3}.Debug|Windows-ARM.ActiveCfg = Debug|Any CPU
		{B066C341-9C32-4527-ADA8-A5191139D9A3}.Debug|Windows-ARM.Build.0 = Debug|Any CPU
		{B066C341-9C32-4527-ADA8-A5191139D9A3}.Debug|Windows-x64.ActiveCfg = Debug|Any CPU
		{B066C341-9C32-4527-ADA8-A5191139D9A3}.Debug|Windows-x64.Build.0 = Debug|Any CPU
		{B066C341-9C32-4527-ADA8-A5191139D9A3}.Debug|Windows-x86.ActiveCfg = Debug|Any CPU
		{B066C341-9C32-4527-ADA8-A5191139D9A3}.Debug|Windows-x86.Build.0 = Debug|Any CPU
		{B066C341-9C32-4527-ADA8-A5191139D9A3}.Release|Android.ActiveCfg = Release|Any CPU
		{B066C341-9C32-4527-ADA8-A5191139D9A3}.Release|Android.Build.0 = Release|Any CPU
		{B066C341-9C32-4527-ADA8-A5191139D9A3}.Release|Any CPU.ActiveCfg = Release|Any CPU
		{B066C341-9C32-4527-ADA8-A5191139D9A3}.Release|Any CPU.Build.0 = Release|Any CPU
		{B066C341-9C32-4527-ADA8-A5191139D9A3}.Release|iOS.ActiveCfg = Release|Any CPU
		{B066C341-9C32-4527-ADA8-A5191139D9A3}.Release|iOS.Build.0 = Release|Any CPU
		{B066C341-9C32-4527-ADA8-A5191139D9A3}.Release|Windows Phone (Universal).ActiveCfg = Release|Any CPU
		{B066C341-9C32-4527-ADA8-A5191139D9A3}.Release|Windows Phone (Universal).Build.0 = Release|Any CPU
		{B066C341-9C32-4527-ADA8-A5191139D9A3}.Release|Windows Phone 8.ActiveCfg = Release|Any CPU
		{B066C341-9C32-4527-ADA8-A5191139D9A3}.Release|Windows Phone 8.Build.0 = Release|Any CPU
		{B066C341-9C32-4527-ADA8-A5191139D9A3}.Release|Windows-AnyCPU.ActiveCfg = Release|Any CPU
		{B066C341-9C32-4527-ADA8-A5191139D9A3}.Release|Windows-AnyCPU.Build.0 = Release|Any CPU
		{B066C341-9C32-4527-ADA8-A5191139D9A3}.Release|Windows-ARM.ActiveCfg = Release|Any CPU
		{B066C341-9C32-4527-ADA8-A5191139D9A3}.Release|Windows-ARM.Build.0 = Release|Any CPU
		{B066C341-9C32-4527-ADA8-A5191139D9A3}.Release|Windows-x64.ActiveCfg = Release|Any CPU
		{B066C341-9C32-4527-ADA8-A5191139D9A3}.Release|Windows-x64.Build.0 = Release|Any CPU
		{B066C341-9C32-4527-ADA8-A5191139D9A3}.Release|Windows-x86.ActiveCfg = Release|Any CPU
		{B066C341-9C32-4527-ADA8-A5191139D9A3}.Release|Windows-x86.Build.0 = Release|Any CPU
		{AA81900B-0E53-4818-B632-B25D287D4644}.Debug|Android.ActiveCfg = Debug|Any CPU
		{AA81900B-0E53-4818-B632-B25D287D4644}.Debug|Android.Build.0 = Debug|Any CPU
		{AA81900B-0E53-4818-B632-B25D287D4644}.Debug|Any CPU.ActiveCfg = Debug|Any CPU
		{AA81900B-0E53-4818-B632-B25D287D4644}.Debug|Any CPU.Build.0 = Debug|Any CPU
		{AA81900B-0E53-4818-B632-B25D287D4644}.Debug|iOS.ActiveCfg = Debug|Any CPU
		{AA81900B-0E53-4818-B632-B25D287D4644}.Debug|iOS.Build.0 = Debug|Any CPU
		{AA81900B-0E53-4818-B632-B25D287D4644}.Debug|Windows Phone (Universal).ActiveCfg = Debug|Any CPU
		{AA81900B-0E53-4818-B632-B25D287D4644}.Debug|Windows Phone (Universal).Build.0 = Debug|Any CPU
		{AA81900B-0E53-4818-B632-B25D287D4644}.Debug|Windows Phone 8.ActiveCfg = Debug|Any CPU
		{AA81900B-0E53-4818-B632-B25D287D4644}.Debug|Windows Phone 8.Build.0 = Debug|Any CPU
		{AA81900B-0E53-4818-B632-B25D287D4644}.Debug|Windows-AnyCPU.ActiveCfg = Debug|Any CPU
		{AA81900B-0E53-4818-B632-B25D287D4644}.Debug|Windows-AnyCPU.Build.0 = Debug|Any CPU
		{AA81900B-0E53-4818-B632-B25D287D4644}.Debug|Windows-ARM.ActiveCfg = Debug|Any CPU
		{AA81900B-0E53-4818-B632-B25D287D4644}.Debug|Windows-ARM.Build.0 = Debug|Any CPU
		{AA81900B-0E53-4818-B632-B25D287D4644}.Debug|Windows-x64.ActiveCfg = Debug|Any CPU
		{AA81900B-0E53-4818-B632-B25D287D4644}.Debug|Windows-x64.Build.0 = Debug|Any CPU
		{AA81900B-0E53-4818-B632-B25D287D4644}.Debug|Windows-x86.ActiveCfg = Debug|Any CPU
		{AA81900B-0E53-4818-B632-B25D287D4644}.Debug|Windows-x86.Build.0 = Debug|Any CPU
		{AA81900B-0E53-4818-B632-B25D287D4644}.Release|Android.ActiveCfg = Release|Any CPU
		{AA81900B-0E53-4818-B632-B25D287D4644}.Release|Android.Build.0 = Release|Any CPU
		{AA81900B-0E53-4818-B632-B25D287D4644}.Release|Any CPU.ActiveCfg = Release|Any CPU
		{AA81900B-0E53-4818-B632-B25D287D4644}.Release|Any CPU.Build.0 = Release|Any CPU
		{AA81900B-0E53-4818-B632-B25D287D4644}.Release|iOS.ActiveCfg = Release|Any CPU
		{AA81900B-0E53-4818-B632-B25D287D4644}.Release|iOS.Build.0 = Release|Any CPU
		{AA81900B-0E53-4818-B632-B25D287D4644}.Release|Windows Phone (Universal).ActiveCfg = Release|Any CPU
		{AA81900B-0E53-4818-B632-B25D287D4644}.Release|Windows Phone (Universal).Build.0 = Release|Any CPU
		{AA81900B-0E53-4818-B632-B25D287D4644}.Release|Windows Phone 8.ActiveCfg = Release|Any CPU
		{AA81900B-0E53-4818-B632-B25D287D4644}.Release|Windows Phone 8.Build.0 = Release|Any CPU
		{AA81900B-0E53-4818-B632-B25D287D4644}.Release|Windows-AnyCPU.ActiveCfg = Release|Any CPU
		{AA81900B-0E53-4818-B632-B25D287D4644}.Release|Windows-AnyCPU.Build.0 = Release|Any CPU
		{AA81900B-0E53-4818-B632-B25D287D4644}.Release|Windows-ARM.ActiveCfg = Release|Any CPU
		{AA81900B-0E53-4818-B632-B25D287D4644}.Release|Windows-ARM.Build.0 = Release|Any CPU
		{AA81900B-0E53-4818-B632-B25D287D4644}.Release|Windows-x64.ActiveCfg = Release|Any CPU
		{AA81900B-0E53-4818-B632-B25D287D4644}.Release|Windows-x64.Build.0 = Release|Any CPU
		{AA81900B-0E53-4818-B632-B25D287D4644}.Release|Windows-x86.ActiveCfg = Release|Any CPU
		{AA81900B-0E53-4818-B632-B25D287D4644}.Release|Windows-x86.Build.0 = Release|Any CPU
		{E257D23A-E786-487E-9BC9-AFAE7D28778C}.Debug|Android.ActiveCfg = Debug|Any CPU
		{E257D23A-E786-487E-9BC9-AFAE7D28778C}.Debug|Android.Build.0 = Debug|Any CPU
		{E257D23A-E786-487E-9BC9-AFAE7D28778C}.Debug|Any CPU.ActiveCfg = Debug|Any CPU
		{E257D23A-E786-487E-9BC9-AFAE7D28778C}.Debug|Any CPU.Build.0 = Debug|Any CPU
		{E257D23A-E786-487E-9BC9-AFAE7D28778C}.Debug|iOS.ActiveCfg = Debug|Any CPU
		{E257D23A-E786-487E-9BC9-AFAE7D28778C}.Debug|iOS.Build.0 = Debug|Any CPU
		{E257D23A-E786-487E-9BC9-AFAE7D28778C}.Debug|Windows Phone (Universal).ActiveCfg = Debug|Any CPU
		{E257D23A-E786-487E-9BC9-AFAE7D28778C}.Debug|Windows Phone (Universal).Build.0 = Debug|Any CPU
		{E257D23A-E786-487E-9BC9-AFAE7D28778C}.Debug|Windows Phone 8.ActiveCfg = Debug|Any CPU
		{E257D23A-E786-487E-9BC9-AFAE7D28778C}.Debug|Windows Phone 8.Build.0 = Debug|Any CPU
		{E257D23A-E786-487E-9BC9-AFAE7D28778C}.Debug|Windows-AnyCPU.ActiveCfg = Debug|Any CPU
		{E257D23A-E786-487E-9BC9-AFAE7D28778C}.Debug|Windows-AnyCPU.Build.0 = Debug|Any CPU
		{E257D23A-E786-487E-9BC9-AFAE7D28778C}.Debug|Windows-ARM.ActiveCfg = Debug|Any CPU
		{E257D23A-E786-487E-9BC9-AFAE7D28778C}.Debug|Windows-ARM.Build.0 = Debug|Any CPU
		{E257D23A-E786-487E-9BC9-AFAE7D28778C}.Debug|Windows-x64.ActiveCfg = Debug|Any CPU
		{E257D23A-E786-487E-9BC9-AFAE7D28778C}.Debug|Windows-x64.Build.0 = Debug|Any CPU
		{E257D23A-E786-487E-9BC9-AFAE7D28778C}.Debug|Windows-x86.ActiveCfg = Debug|Any CPU
		{E257D23A-E786-487E-9BC9-AFAE7D28778C}.Debug|Windows-x86.Build.0 = Debug|Any CPU
		{E257D23A-E786-487E-9BC9-AFAE7D28778C}.Release|Android.ActiveCfg = Release|Any CPU
		{E257D23A-E786-487E-9BC9-AFAE7D28778C}.Release|Android.Build.0 = Release|Any CPU
		{E257D23A-E786-487E-9BC9-AFAE7D28778C}.Release|Any CPU.ActiveCfg = Release|Any CPU
		{E257D23A-E786-487E-9BC9-AFAE7D28778C}.Release|Any CPU.Build.0 = Release|Any CPU
		{E257D23A-E786-487E-9BC9-AFAE7D28778C}.Release|iOS.ActiveCfg = Release|Any CPU
		{E257D23A-E786-487E-9BC9-AFAE7D28778C}.Release|iOS.Build.0 = Release|Any CPU
		{E257D23A-E786-487E-9BC9-AFAE7D28778C}.Release|Windows Phone (Universal).ActiveCfg = Release|Any CPU
		{E257D23A-E786-487E-9BC9-AFAE7D28778C}.Release|Windows Phone (Universal).Build.0 = Release|Any CPU
		{E257D23A-E786-487E-9BC9-AFAE7D28778C}.Release|Windows Phone 8.ActiveCfg = Release|Any CPU
		{E257D23A-E786-487E-9BC9-AFAE7D28778C}.Release|Windows Phone 8.Build.0 = Release|Any CPU
		{E257D23A-E786-487E-9BC9-AFAE7D28778C}.Release|Windows-AnyCPU.ActiveCfg = Release|Any CPU
		{E257D23A-E786-487E-9BC9-AFAE7D28778C}.Release|Windows-AnyCPU.Build.0 = Release|Any CPU
		{E257D23A-E786-487E-9BC9-AFAE7D28778C}.Release|Windows-ARM.ActiveCfg = Release|Any CPU
		{E257D23A-E786-487E-9BC9-AFAE7D28778C}.Release|Windows-ARM.Build.0 = Release|Any CPU
		{E257D23A-E786-487E-9BC9-AFAE7D28778C}.Release|Windows-x64.ActiveCfg = Release|Any CPU
		{E257D23A-E786-487E-9BC9-AFAE7D28778C}.Release|Windows-x64.Build.0 = Release|Any CPU
		{E257D23A-E786-487E-9BC9-AFAE7D28778C}.Release|Windows-x86.ActiveCfg = Release|Any CPU
		{E257D23A-E786-487E-9BC9-AFAE7D28778C}.Release|Windows-x86.Build.0 = Release|Any CPU
		{33697147-FAF5-4628-A670-D59AC44A588A}.Debug|Android.ActiveCfg = Debug|Any CPU
		{33697147-FAF5-4628-A670-D59AC44A588A}.Debug|Android.Build.0 = Debug|Any CPU
		{33697147-FAF5-4628-A670-D59AC44A588A}.Debug|Any CPU.ActiveCfg = Debug|Any CPU
		{33697147-FAF5-4628-A670-D59AC44A588A}.Debug|Any CPU.Build.0 = Debug|Any CPU
		{33697147-FAF5-4628-A670-D59AC44A588A}.Debug|iOS.ActiveCfg = Debug|Any CPU
		{33697147-FAF5-4628-A670-D59AC44A588A}.Debug|iOS.Build.0 = Debug|Any CPU
		{33697147-FAF5-4628-A670-D59AC44A588A}.Debug|Windows Phone (Universal).ActiveCfg = Debug|Any CPU
		{33697147-FAF5-4628-A670-D59AC44A588A}.Debug|Windows Phone (Universal).Build.0 = Debug|Any CPU
		{33697147-FAF5-4628-A670-D59AC44A588A}.Debug|Windows Phone 8.ActiveCfg = Debug|Any CPU
		{33697147-FAF5-4628-A670-D59AC44A588A}.Debug|Windows Phone 8.Build.0 = Debug|Any CPU
		{33697147-FAF5-4628-A670-D59AC44A588A}.Debug|Windows-AnyCPU.ActiveCfg = Debug|Any CPU
		{33697147-FAF5-4628-A670-D59AC44A588A}.Debug|Windows-AnyCPU.Build.0 = Debug|Any CPU
		{33697147-FAF5-4628-A670-D59AC44A588A}.Debug|Windows-ARM.ActiveCfg = Debug|Any CPU
		{33697147-FAF5-4628-A670-D59AC44A588A}.Debug|Windows-ARM.Build.0 = Debug|Any CPU
		{33697147-FAF5-4628-A670-D59AC44A588A}.Debug|Windows-x64.ActiveCfg = Debug|Any CPU
		{33697147-FAF5-4628-A670-D59AC44A588A}.Debug|Windows-x64.Build.0 = Debug|Any CPU
		{33697147-FAF5-4628-A670-D59AC44A588A}.Debug|Windows-x86.ActiveCfg = Debug|Any CPU
		{33697147-FAF5-4628-A670-D59AC44A588A}.Debug|Windows-x86.Build.0 = Debug|Any CPU
		{33697147-FAF5-4628-A670-D59AC44A588A}.Release|Android.ActiveCfg = Release|Any CPU
		{33697147-FAF5-4628-A670-D59AC44A588A}.Release|Android.Build.0 = Release|Any CPU
		{33697147-FAF5-4628-A670-D59AC44A588A}.Release|Any CPU.ActiveCfg = Release|Any CPU
		{33697147-FAF5-4628-A670-D59AC44A588A}.Release|Any CPU.Build.0 = Release|Any CPU
		{33697147-FAF5-4628-A670-D59AC44A588A}.Release|iOS.ActiveCfg = Release|Any CPU
		{33697147-FAF5-4628-A670-D59AC44A588A}.Release|iOS.Build.0 = Release|Any CPU
		{33697147-FAF5-4628-A670-D59AC44A588A}.Release|Windows Phone (Universal).ActiveCfg = Release|Any CPU
		{33697147-FAF5-4628-A670-D59AC44A588A}.Release|Windows Phone (Universal).Build.0 = Release|Any CPU
		{33697147-FAF5-4628-A670-D59AC44A588A}.Release|Windows Phone 8.ActiveCfg = Release|Any CPU
		{33697147-FAF5-4628-A670-D59AC44A588A}.Release|Windows Phone 8.Build.0 = Release|Any CPU
		{33697147-FAF5-4628-A670-D59AC44A588A}.Release|Windows-AnyCPU.ActiveCfg = Release|Any CPU
		{33697147-FAF5-4628-A670-D59AC44A588A}.Release|Windows-AnyCPU.Build.0 = Release|Any CPU
		{33697147-FAF5-4628-A670-D59AC44A588A}.Release|Windows-ARM.ActiveCfg = Release|Any CPU
		{33697147-FAF5-4628-A670-D59AC44A588A}.Release|Windows-ARM.Build.0 = Release|Any CPU
		{33697147-FAF5-4628-A670-D59AC44A588A}.Release|Windows-x64.ActiveCfg = Release|Any CPU
		{33697147-FAF5-4628-A670-D59AC44A588A}.Release|Windows-x64.Build.0 = Release|Any CPU
		{33697147-FAF5-4628-A670-D59AC44A588A}.Release|Windows-x86.ActiveCfg = Release|Any CPU
		{33697147-FAF5-4628-A670-D59AC44A588A}.Release|Windows-x86.Build.0 = Release|Any CPU
		{1B339288-AE7A-4EAB-BDE6-CBF44B4634DB}.Debug|Android.ActiveCfg = Debug|Any CPU
		{1B339288-AE7A-4EAB-BDE6-CBF44B4634DB}.Debug|Android.Build.0 = Debug|Any CPU
		{1B339288-AE7A-4EAB-BDE6-CBF44B4634DB}.Debug|Any CPU.ActiveCfg = Debug|Any CPU
		{1B339288-AE7A-4EAB-BDE6-CBF44B4634DB}.Debug|Any CPU.Build.0 = Debug|Any CPU
		{1B339288-AE7A-4EAB-BDE6-CBF44B4634DB}.Debug|iOS.ActiveCfg = Debug|Any CPU
		{1B339288-AE7A-4EAB-BDE6-CBF44B4634DB}.Debug|iOS.Build.0 = Debug|Any CPU
		{1B339288-AE7A-4EAB-BDE6-CBF44B4634DB}.Debug|Windows Phone (Universal).ActiveCfg = Debug|Any CPU
		{1B339288-AE7A-4EAB-BDE6-CBF44B4634DB}.Debug|Windows Phone (Universal).Build.0 = Debug|Any CPU
		{1B339288-AE7A-4EAB-BDE6-CBF44B4634DB}.Debug|Windows Phone 8.ActiveCfg = Debug|Any CPU
		{1B339288-AE7A-4EAB-BDE6-CBF44B4634DB}.Debug|Windows Phone 8.Build.0 = Debug|Any CPU
		{1B339288-AE7A-4EAB-BDE6-CBF44B4634DB}.Debug|Windows-AnyCPU.ActiveCfg = Debug|Any CPU
		{1B339288-AE7A-4EAB-BDE6-CBF44B4634DB}.Debug|Windows-AnyCPU.Build.0 = Debug|Any CPU
		{1B339288-AE7A-4EAB-BDE6-CBF44B4634DB}.Debug|Windows-ARM.ActiveCfg = Debug|Any CPU
		{1B339288-AE7A-4EAB-BDE6-CBF44B4634DB}.Debug|Windows-ARM.Build.0 = Debug|Any CPU
		{1B339288-AE7A-4EAB-BDE6-CBF44B4634DB}.Debug|Windows-x64.ActiveCfg = Debug|Any CPU
		{1B339288-AE7A-4EAB-BDE6-CBF44B4634DB}.Debug|Windows-x64.Build.0 = Debug|Any CPU
		{1B339288-AE7A-4EAB-BDE6-CBF44B4634DB}.Debug|Windows-x86.ActiveCfg = Debug|Any CPU
		{1B339288-AE7A-4EAB-BDE6-CBF44B4634DB}.Debug|Windows-x86.Build.0 = Debug|Any CPU
		{1B339288-AE7A-4EAB-BDE6-CBF44B4634DB}.Release|Android.ActiveCfg = Release|Any CPU
		{1B339288-AE7A-4EAB-BDE6-CBF44B4634DB}.Release|Android.Build.0 = Release|Any CPU
		{1B339288-AE7A-4EAB-BDE6-CBF44B4634DB}.Release|Any CPU.ActiveCfg = Release|Any CPU
		{1B339288-AE7A-4EAB-BDE6-CBF44B4634DB}.Release|Any CPU.Build.0 = Release|Any CPU
		{1B339288-AE7A-4EAB-BDE6-CBF44B4634DB}.Release|iOS.ActiveCfg = Release|Any CPU
		{1B339288-AE7A-4EAB-BDE6-CBF44B4634DB}.Release|iOS.Build.0 = Release|Any CPU
		{1B339288-AE7A-4EAB-BDE6-CBF44B4634DB}.Release|Windows Phone (Universal).ActiveCfg = Release|Any CPU
		{1B339288-AE7A-4EAB-BDE6-CBF44B4634DB}.Release|Windows Phone (Universal).Build.0 = Release|Any CPU
		{1B339288-AE7A-4EAB-BDE6-CBF44B4634DB}.Release|Windows Phone 8.ActiveCfg = Release|Any CPU
		{1B339288-AE7A-4EAB-BDE6-CBF44B4634DB}.Release|Windows Phone 8.Build.0 = Release|Any CPU
		{1B339288-AE7A-4EAB-BDE6-CBF44B4634DB}.Release|Windows-AnyCPU.ActiveCfg = Release|Any CPU
		{1B339288-AE7A-4EAB-BDE6-CBF44B4634DB}.Release|Windows-AnyCPU.Build.0 = Release|Any CPU
		{1B339288-AE7A-4EAB-BDE6-CBF44B4634DB}.Release|Windows-ARM.ActiveCfg = Release|Any CPU
		{1B339288-AE7A-4EAB-BDE6-CBF44B4634DB}.Release|Windows-ARM.Build.0 = Release|Any CPU
		{1B339288-AE7A-4EAB-BDE6-CBF44B4634DB}.Release|Windows-x64.ActiveCfg = Release|Any CPU
		{1B339288-AE7A-4EAB-BDE6-CBF44B4634DB}.Release|Windows-x64.Build.0 = Release|Any CPU
		{1B339288-AE7A-4EAB-BDE6-CBF44B4634DB}.Release|Windows-x86.ActiveCfg = Release|Any CPU
		{1B339288-AE7A-4EAB-BDE6-CBF44B4634DB}.Release|Windows-x86.Build.0 = Release|Any CPU
		{CC5AEA1C-CA2A-4A3B-BB00-AB2A20074837}.Debug|Android.ActiveCfg = Debug|Any CPU
		{CC5AEA1C-CA2A-4A3B-BB00-AB2A20074837}.Debug|Android.Build.0 = Debug|Any CPU
		{CC5AEA1C-CA2A-4A3B-BB00-AB2A20074837}.Debug|Any CPU.ActiveCfg = Debug|Any CPU
		{CC5AEA1C-CA2A-4A3B-BB00-AB2A20074837}.Debug|Any CPU.Build.0 = Debug|Any CPU
		{CC5AEA1C-CA2A-4A3B-BB00-AB2A20074837}.Debug|iOS.ActiveCfg = Debug|Any CPU
		{CC5AEA1C-CA2A-4A3B-BB00-AB2A20074837}.Debug|iOS.Build.0 = Debug|Any CPU
		{CC5AEA1C-CA2A-4A3B-BB00-AB2A20074837}.Debug|Windows Phone (Universal).ActiveCfg = Debug|Any CPU
		{CC5AEA1C-CA2A-4A3B-BB00-AB2A20074837}.Debug|Windows Phone (Universal).Build.0 = Debug|Any CPU
		{CC5AEA1C-CA2A-4A3B-BB00-AB2A20074837}.Debug|Windows Phone 8.ActiveCfg = Debug|Any CPU
		{CC5AEA1C-CA2A-4A3B-BB00-AB2A20074837}.Debug|Windows Phone 8.Build.0 = Debug|Any CPU
		{CC5AEA1C-CA2A-4A3B-BB00-AB2A20074837}.Debug|Windows-AnyCPU.ActiveCfg = Debug|Any CPU
		{CC5AEA1C-CA2A-4A3B-BB00-AB2A20074837}.Debug|Windows-AnyCPU.Build.0 = Debug|Any CPU
		{CC5AEA1C-CA2A-4A3B-BB00-AB2A20074837}.Debug|Windows-ARM.ActiveCfg = Debug|Any CPU
		{CC5AEA1C-CA2A-4A3B-BB00-AB2A20074837}.Debug|Windows-ARM.Build.0 = Debug|Any CPU
		{CC5AEA1C-CA2A-4A3B-BB00-AB2A20074837}.Debug|Windows-x64.ActiveCfg = Debug|Any CPU
		{CC5AEA1C-CA2A-4A3B-BB00-AB2A20074837}.Debug|Windows-x64.Build.0 = Debug|Any CPU
		{CC5AEA1C-CA2A-4A3B-BB00-AB2A20074837}.Debug|Windows-x86.ActiveCfg = Debug|Any CPU
		{CC5AEA1C-CA2A-4A3B-BB00-AB2A20074837}.Debug|Windows-x86.Build.0 = Debug|Any CPU
		{CC5AEA1C-CA2A-4A3B-BB00-AB2A20074837}.Release|Android.ActiveCfg = Release|Any CPU
		{CC5AEA1C-CA2A-4A3B-BB00-AB2A20074837}.Release|Android.Build.0 = Release|Any CPU
		{CC5AEA1C-CA2A-4A3B-BB00-AB2A20074837}.Release|Any CPU.ActiveCfg = Release|Any CPU
		{CC5AEA1C-CA2A-4A3B-BB00-AB2A20074837}.Release|Any CPU.Build.0 = Release|Any CPU
		{CC5AEA1C-CA2A-4A3B-BB00-AB2A20074837}.Release|iOS.ActiveCfg = Release|Any CPU
		{CC5AEA1C-CA2A-4A3B-BB00-AB2A20074837}.Release|iOS.Build.0 = Release|Any CPU
		{CC5AEA1C-CA2A-4A3B-BB00-AB2A20074837}.Release|Windows Phone (Universal).ActiveCfg = Release|Any CPU
		{CC5AEA1C-CA2A-4A3B-BB00-AB2A20074837}.Release|Windows Phone (Universal).Build.0 = Release|Any CPU
		{CC5AEA1C-CA2A-4A3B-BB00-AB2A20074837}.Release|Windows Phone 8.ActiveCfg = Release|Any CPU
		{CC5AEA1C-CA2A-4A3B-BB00-AB2A20074837}.Release|Windows Phone 8.Build.0 = Release|Any CPU
		{CC5AEA1C-CA2A-4A3B-BB00-AB2A20074837}.Release|Windows-AnyCPU.ActiveCfg = Release|Any CPU
		{CC5AEA1C-CA2A-4A3B-BB00-AB2A20074837}.Release|Windows-AnyCPU.Build.0 = Release|Any CPU
		{CC5AEA1C-CA2A-4A3B-BB00-AB2A20074837}.Release|Windows-ARM.ActiveCfg = Release|Any CPU
		{CC5AEA1C-CA2A-4A3B-BB00-AB2A20074837}.Release|Windows-ARM.Build.0 = Release|Any CPU
		{CC5AEA1C-CA2A-4A3B-BB00-AB2A20074837}.Release|Windows-x64.ActiveCfg = Release|Any CPU
		{CC5AEA1C-CA2A-4A3B-BB00-AB2A20074837}.Release|Windows-x64.Build.0 = Release|Any CPU
		{CC5AEA1C-CA2A-4A3B-BB00-AB2A20074837}.Release|Windows-x86.ActiveCfg = Release|Any CPU
		{CC5AEA1C-CA2A-4A3B-BB00-AB2A20074837}.Release|Windows-x86.Build.0 = Release|Any CPU
		{AF8C0C3C-7CA6-4187-A115-4BC7D30CEEAC}.Debug|Android.ActiveCfg = Debug|Android
		{AF8C0C3C-7CA6-4187-A115-4BC7D30CEEAC}.Debug|Android.Build.0 = Debug|Android
		{AF8C0C3C-7CA6-4187-A115-4BC7D30CEEAC}.Debug|Android.Deploy.0 = Debug|Android
		{AF8C0C3C-7CA6-4187-A115-4BC7D30CEEAC}.Debug|Any CPU.ActiveCfg = Debug|Android
		{AF8C0C3C-7CA6-4187-A115-4BC7D30CEEAC}.Debug|iOS.ActiveCfg = Debug|iOS
		{AF8C0C3C-7CA6-4187-A115-4BC7D30CEEAC}.Debug|iOS.Build.0 = Debug|iOS
		{AF8C0C3C-7CA6-4187-A115-4BC7D30CEEAC}.Debug|iOS.Deploy.0 = Debug|iOS
		{AF8C0C3C-7CA6-4187-A115-4BC7D30CEEAC}.Debug|Windows Phone (Universal).ActiveCfg = Debug|Windows Phone (Universal)
		{AF8C0C3C-7CA6-4187-A115-4BC7D30CEEAC}.Debug|Windows Phone (Universal).Build.0 = Debug|Windows Phone (Universal)
		{AF8C0C3C-7CA6-4187-A115-4BC7D30CEEAC}.Debug|Windows Phone (Universal).Deploy.0 = Debug|Windows Phone (Universal)
		{AF8C0C3C-7CA6-4187-A115-4BC7D30CEEAC}.Debug|Windows Phone 8.ActiveCfg = Debug|Windows Phone 8
		{AF8C0C3C-7CA6-4187-A115-4BC7D30CEEAC}.Debug|Windows Phone 8.Build.0 = Debug|Windows Phone 8
		{AF8C0C3C-7CA6-4187-A115-4BC7D30CEEAC}.Debug|Windows Phone 8.Deploy.0 = Debug|Windows Phone 8
		{AF8C0C3C-7CA6-4187-A115-4BC7D30CEEAC}.Debug|Windows-AnyCPU.ActiveCfg = Debug|Windows-AnyCPU
		{AF8C0C3C-7CA6-4187-A115-4BC7D30CEEAC}.Debug|Windows-AnyCPU.Build.0 = Debug|Windows-AnyCPU
		{AF8C0C3C-7CA6-4187-A115-4BC7D30CEEAC}.Debug|Windows-AnyCPU.Deploy.0 = Debug|Windows-AnyCPU
		{AF8C0C3C-7CA6-4187-A115-4BC7D30CEEAC}.Debug|Windows-ARM.ActiveCfg = Debug|Windows-ARM
		{AF8C0C3C-7CA6-4187-A115-4BC7D30CEEAC}.Debug|Windows-ARM.Build.0 = Debug|Windows-ARM
		{AF8C0C3C-7CA6-4187-A115-4BC7D30CEEAC}.Debug|Windows-ARM.Deploy.0 = Debug|Windows-ARM
		{AF8C0C3C-7CA6-4187-A115-4BC7D30CEEAC}.Debug|Windows-x64.ActiveCfg = Debug|Windows-x64
		{AF8C0C3C-7CA6-4187-A115-4BC7D30CEEAC}.Debug|Windows-x64.Build.0 = Debug|Windows-x64
		{AF8C0C3C-7CA6-4187-A115-4BC7D30CEEAC}.Debug|Windows-x64.Deploy.0 = Debug|Windows-x64
		{AF8C0C3C-7CA6-4187-A115-4BC7D30CEEAC}.Debug|Windows-x86.ActiveCfg = Debug|Windows-x86
		{AF8C0C3C-7CA6-4187-A115-4BC7D30CEEAC}.Debug|Windows-x86.Build.0 = Debug|Windows-x86
		{AF8C0C3C-7CA6-4187-A115-4BC7D30CEEAC}.Debug|Windows-x86.Deploy.0 = Debug|Windows-x86
		{AF8C0C3C-7CA6-4187-A115-4BC7D30CEEAC}.Release|Android.ActiveCfg = Release|Android
		{AF8C0C3C-7CA6-4187-A115-4BC7D30CEEAC}.Release|Android.Build.0 = Release|Android
		{AF8C0C3C-7CA6-4187-A115-4BC7D30CEEAC}.Release|Android.Deploy.0 = Release|Android
		{AF8C0C3C-7CA6-4187-A115-4BC7D30CEEAC}.Release|Any CPU.ActiveCfg = Release|Android
		{AF8C0C3C-7CA6-4187-A115-4BC7D30CEEAC}.Release|iOS.ActiveCfg = Release|iOS
		{AF8C0C3C-7CA6-4187-A115-4BC7D30CEEAC}.Release|iOS.Build.0 = Release|iOS
		{AF8C0C3C-7CA6-4187-A115-4BC7D30CEEAC}.Release|iOS.Deploy.0 = Release|iOS
		{AF8C0C3C-7CA6-4187-A115-4BC7D30CEEAC}.Release|Windows Phone (Universal).ActiveCfg = Release|Windows Phone (Universal)
		{AF8C0C3C-7CA6-4187-A115-4BC7D30CEEAC}.Release|Windows Phone (Universal).Build.0 = Release|Windows Phone (Universal)
		{AF8C0C3C-7CA6-4187-A115-4BC7D30CEEAC}.Release|Windows Phone (Universal).Deploy.0 = Release|Windows Phone (Universal)
		{AF8C0C3C-7CA6-4187-A115-4BC7D30CEEAC}.Release|Windows Phone 8.ActiveCfg = Release|Windows Phone 8
		{AF8C0C3C-7CA6-4187-A115-4BC7D30CEEAC}.Release|Windows Phone 8.Build.0 = Release|Windows Phone 8
		{AF8C0C3C-7CA6-4187-A115-4BC7D30CEEAC}.Release|Windows Phone 8.Deploy.0 = Release|Windows Phone 8
		{AF8C0C3C-7CA6-4187-A115-4BC7D30CEEAC}.Release|Windows-AnyCPU.ActiveCfg = Release|Windows-AnyCPU
		{AF8C0C3C-7CA6-4187-A115-4BC7D30CEEAC}.Release|Windows-AnyCPU.Build.0 = Release|Windows-AnyCPU
		{AF8C0C3C-7CA6-4187-A115-4BC7D30CEEAC}.Release|Windows-AnyCPU.Deploy.0 = Release|Windows-AnyCPU
		{AF8C0C3C-7CA6-4187-A115-4BC7D30CEEAC}.Release|Windows-ARM.ActiveCfg = Release|Windows-ARM
		{AF8C0C3C-7CA6-4187-A115-4BC7D30CEEAC}.Release|Windows-ARM.Build.0 = Release|Windows-ARM
		{AF8C0C3C-7CA6-4187-A115-4BC7D30CEEAC}.Release|Windows-ARM.Deploy.0 = Release|Windows-ARM
		{AF8C0C3C-7CA6-4187-A115-4BC7D30CEEAC}.Release|Windows-x64.ActiveCfg = Release|Windows-x64
		{AF8C0C3C-7CA6-4187-A115-4BC7D30CEEAC}.Release|Windows-x64.Build.0 = Release|Windows-x64
		{AF8C0C3C-7CA6-4187-A115-4BC7D30CEEAC}.Release|Windows-x64.Deploy.0 = Release|Windows-x64
		{AF8C0C3C-7CA6-4187-A115-4BC7D30CEEAC}.Release|Windows-x86.ActiveCfg = Release|Windows-x86
		{AF8C0C3C-7CA6-4187-A115-4BC7D30CEEAC}.Release|Windows-x86.Build.0 = Release|Windows-x86
		{AF8C0C3C-7CA6-4187-A115-4BC7D30CEEAC}.Release|Windows-x86.Deploy.0 = Release|Windows-x86
		{C7961CAE-B69F-477B-B992-037B22C5223F}.Debug|Android.ActiveCfg = Debug|Any CPU
		{C7961CAE-B69F-477B-B992-037B22C5223F}.Debug|Android.Build.0 = Debug|Any CPU
		{C7961CAE-B69F-477B-B992-037B22C5223F}.Debug|Any CPU.ActiveCfg = Debug|Any CPU
		{C7961CAE-B69F-477B-B992-037B22C5223F}.Debug|Any CPU.Build.0 = Debug|Any CPU
		{C7961CAE-B69F-477B-B992-037B22C5223F}.Debug|iOS.ActiveCfg = Debug|Any CPU
		{C7961CAE-B69F-477B-B992-037B22C5223F}.Debug|iOS.Build.0 = Debug|Any CPU
		{C7961CAE-B69F-477B-B992-037B22C5223F}.Debug|Windows Phone (Universal).ActiveCfg = Debug|Any CPU
		{C7961CAE-B69F-477B-B992-037B22C5223F}.Debug|Windows Phone (Universal).Build.0 = Debug|Any CPU
		{C7961CAE-B69F-477B-B992-037B22C5223F}.Debug|Windows Phone 8.ActiveCfg = Debug|Any CPU
		{C7961CAE-B69F-477B-B992-037B22C5223F}.Debug|Windows Phone 8.Build.0 = Debug|Any CPU
		{C7961CAE-B69F-477B-B992-037B22C5223F}.Debug|Windows-AnyCPU.ActiveCfg = Debug|Any CPU
		{C7961CAE-B69F-477B-B992-037B22C5223F}.Debug|Windows-AnyCPU.Build.0 = Debug|Any CPU
		{C7961CAE-B69F-477B-B992-037B22C5223F}.Debug|Windows-ARM.ActiveCfg = Debug|Any CPU
		{C7961CAE-B69F-477B-B992-037B22C5223F}.Debug|Windows-ARM.Build.0 = Debug|Any CPU
		{C7961CAE-B69F-477B-B992-037B22C5223F}.Debug|Windows-x64.ActiveCfg = Debug|Any CPU
		{C7961CAE-B69F-477B-B992-037B22C5223F}.Debug|Windows-x64.Build.0 = Debug|Any CPU
		{C7961CAE-B69F-477B-B992-037B22C5223F}.Debug|Windows-x86.ActiveCfg = Debug|Any CPU
		{C7961CAE-B69F-477B-B992-037B22C5223F}.Debug|Windows-x86.Build.0 = Debug|Any CPU
		{C7961CAE-B69F-477B-B992-037B22C5223F}.Release|Android.ActiveCfg = Release|Any CPU
		{C7961CAE-B69F-477B-B992-037B22C5223F}.Release|Android.Build.0 = Release|Any CPU
		{C7961CAE-B69F-477B-B992-037B22C5223F}.Release|Any CPU.ActiveCfg = Release|Any CPU
		{C7961CAE-B69F-477B-B992-037B22C5223F}.Release|Any CPU.Build.0 = Release|Any CPU
		{C7961CAE-B69F-477B-B992-037B22C5223F}.Release|iOS.ActiveCfg = Release|Any CPU
		{C7961CAE-B69F-477B-B992-037B22C5223F}.Release|iOS.Build.0 = Release|Any CPU
		{C7961CAE-B69F-477B-B992-037B22C5223F}.Release|Windows Phone (Universal).ActiveCfg = Release|Any CPU
		{C7961CAE-B69F-477B-B992-037B22C5223F}.Release|Windows Phone (Universal).Build.0 = Release|Any CPU
		{C7961CAE-B69F-477B-B992-037B22C5223F}.Release|Windows Phone 8.ActiveCfg = Release|Any CPU
		{C7961CAE-B69F-477B-B992-037B22C5223F}.Release|Windows Phone 8.Build.0 = Release|Any CPU
		{C7961CAE-B69F-477B-B992-037B22C5223F}.Release|Windows-AnyCPU.ActiveCfg = Release|Any CPU
		{C7961CAE-B69F-477B-B992-037B22C5223F}.Release|Windows-AnyCPU.Build.0 = Release|Any CPU
		{C7961CAE-B69F-477B-B992-037B22C5223F}.Release|Windows-ARM.ActiveCfg = Release|Any CPU
		{C7961CAE-B69F-477B-B992-037B22C5223F}.Release|Windows-ARM.Build.0 = Release|Any CPU
		{C7961CAE-B69F-477B-B992-037B22C5223F}.Release|Windows-x64.ActiveCfg = Release|Any CPU
		{C7961CAE-B69F-477B-B992-037B22C5223F}.Release|Windows-x64.Build.0 = Release|Any CPU
		{C7961CAE-B69F-477B-B992-037B22C5223F}.Release|Windows-x86.ActiveCfg = Release|Any CPU
		{C7961CAE-B69F-477B-B992-037B22C5223F}.Release|Windows-x86.Build.0 = Release|Any CPU
	EndGlobalSection
	GlobalSection(SolutionProperties) = preSolution
		HideSolutionNode = FALSE
	EndGlobalSection
EndGlobal
